
Microsoft Visual Studio Solution File, Format Version 12.00
# Visual Studio Version 17
VisualStudioVersion = 17.6.33723.286
MinimumVisualStudioVersion = 10.0.40219.1
Project("{9A19103F-16F7-4668-BE54-9A1E7A4F7556}") = "ModernVilla_VillaAPI", "ModernVilla_VillaAPI\ModernVilla_VillaAPI.csproj", "{5E3BC631-11E5-4FB0-8A93-28F9E221CBA2}"
EndProject
Project("{FAE04EC0-301F-11D3-BF4B-00C04F79EFBC}") = "ModernVilla_Web", "ModernVilla_Web\ModernVilla_Web.csproj", "{B9B6F175-694B-4FA0-A8B5-9E1DB8D56459}"
EndProject
Project("{FAE04EC0-301F-11D3-BF4B-00C04F79EFBC}") = "ModernVilla_Utility", "ModernVilla_Utility\ModernVilla_Utility.csproj", "{A2E344BE-C0A2-48EF-B2EE-302B0C46CCC2}"
EndProject
Global
	GlobalSection(SolutionConfigurationPlatforms) = preSolution
		Debug|Any CPU = Debug|Any CPU
		Release|Any CPU = Release|Any CPU
	EndGlobalSection
	GlobalSection(ProjectConfigurationPlatforms) = postSolution
		{5E3BC631-11E5-4FB0-8A93-28F9E221CBA2}.Debug|Any CPU.ActiveCfg = Debug|Any CPU
		{5E3BC631-11E5-4FB0-8A93-28F9E221CBA2}.Debug|Any CPU.Build.0 = Debug|Any CPU
		{5E3BC631-11E5-4FB0-8A93-28F9E221CBA2}.Release|Any CPU.ActiveCfg = Release|Any CPU
		{5E3BC631-11E5-4FB0-8A93-28F9E221CBA2}.Release|Any CPU.Build.0 = Release|Any CPU
		{B9B6F175-694B-4FA0-A8B5-9E1DB8D56459}.Debug|Any CPU.ActiveCfg = Debug|Any CPU
		{B9B6F175-694B-4FA0-A8B5-9E1DB8D56459}.Debug|Any CPU.Build.0 = Debug|Any CPU
		{B9B6F175-694B-4FA0-A8B5-9E1DB8D56459}.Release|Any CPU.ActiveCfg = Release|Any CPU
		{B9B6F175-694B-4FA0-A8B5-9E1DB8D56459}.Release|Any CPU.Build.0 = Release|Any CPU
		{A2E344BE-C0A2-48EF-B2EE-302B0C46CCC2}.Debug|Any CPU.ActiveCfg = Debug|Any CPU
		{A2E344BE-C0A2-48EF-B2EE-302B0C46CCC2}.Debug|Any CPU.Build.0 = Debug|Any CPU
		{A2E344BE-C0A2-48EF-B2EE-302B0C46CCC2}.Release|Any CPU.ActiveCfg = Release|Any CPU
		{A2E344BE-C0A2-48EF-B2EE-302B0C46CCC2}.Release|Any CPU.Build.0 = Release|Any CPU
	EndGlobalSection
	GlobalSection(SolutionProperties) = preSolution
		HideSolutionNode = FALSE
	EndGlobalSection
	GlobalSection(ExtensibilityGlobals) = postSolution
		SolutionGuid = {4A65381D-66AB-40EA-A9EA-33AEA15E5C02}
	EndGlobalSection
EndGlobal
